
Microsoft Visual Studio Solution File, Format Version 12.00
# Visual Studio Version 17
VisualStudioVersion = 17.11.35327.3
MinimumVisualStudioVersion = 10.0.40219.1
Project("{FAE04EC0-301F-11D3-BF4B-00C04F79EFBC}") = "Harjoitus2", "Harjoitus2\Harjoitus2.csproj", "{1476F97E-18EA-48F2-9808-D9CA0F7F1A3E}"
EndProject
Global
	GlobalSection(SolutionConfigurationPlatforms) = preSolution
		Debug|Any CPU = Debug|Any CPU
		Release|Any CPU = Release|Any CPU
	EndGlobalSection
	GlobalSection(ProjectConfigurationPlatforms) = postSolution
		{1476F97E-18EA-48F2-9808-D9CA0F7F1A3E}.Debug|Any CPU.ActiveCfg = Debug|Any CPU
		{1476F97E-18EA-48F2-9808-D9CA0F7F1A3E}.Debug|Any CPU.Build.0 = Debug|Any CPU
		{1476F97E-18EA-48F2-9808-D9CA0F7F1A3E}.Release|Any CPU.ActiveCfg = Release|Any CPU
		{1476F97E-18EA-48F2-9808-D9CA0F7F1A3E}.Release|Any CPU.Build.0 = Release|Any CPU
	EndGlobalSection
	GlobalSection(SolutionProperties) = preSolution
		HideSolutionNode = FALSE
	EndGlobalSection
	GlobalSection(ExtensibilityGlobals) = postSolution
		SolutionGuid = {828D118E-81D1-4B92-8158-2D5D8F4DB9A2}
	EndGlobalSection
EndGlobal
